
Microsoft Visual Studio Solution File, Format Version 12.00
# Visual Studio Version 17
VisualStudioVersion = 17.4.33110.190
MinimumVisualStudioVersion = 10.0.40219.1
Project("{2150E333-8FDC-42A3-9474-1A3956D46DE8}") = "application", "application", "{E787BB8E-C3F8-47A3-957A-26BA577C3BE0}"
EndProject
Project("{2150E333-8FDC-42A3-9474-1A3956D46DE8}") = "data", "data", "{3CB76AAE-F56C-4F76-A6BD-CB7B5F59079D}"
	ProjectSection(SolutionItems) = preProject
		data\appConfig.json = data\appConfig.json
		data\arial.ttf = data\arial.ttf
	EndProjectSection
EndProject
Project("{2150E333-8FDC-42A3-9474-1A3956D46DE8}") = "maps", "maps", "{4FF9EFAA-F31B-4B5C-B066-97741EEC96B6}"
	ProjectSection(SolutionItems) = preProject
		data\maps\test_01 = data\maps\test_01
		data\maps\test_02 = data\maps\test_02
		data\maps\test_02_yandex = data\maps\test_02_yandex
		data\maps\test_03_1_iter_10_orders = data\maps\test_03_1_iter_10_orders
		data\maps\test_04_lye_about_number_of_potential_orders = data\maps\test_04_lye_about_number_of_potential_orders
		data\maps\test_05_7_iter_7_orders = data\maps\test_05_7_iter_7_orders
		data\maps\test_06_7_iter_70_orders = data\maps\test_06_7_iter_70_orders
		data\maps\test_07_partially_blocked_map = data\maps\test_07_partially_blocked_map
		data\maps\test_08_low_res_simple_map = data\maps\test_08_low_res_simple_map
		data\maps\test_09_yandex_min_test = data\maps\test_09_yandex_min_test
		data\maps\test_10 = data\maps\test_10
		data\maps\test_11 = data\maps\test_11
		data\maps\test_12_low_res_complex_map = data\maps\test_12_low_res_complex_map
		data\maps\test_13 = data\maps\test_13
		data\maps\test_14 = data\maps\test_14
		data\maps\test_15 = data\maps\test_15
		data\maps\test_16 = data\maps\test_16
		data\maps\test_17_yandex_high_res = data\maps\test_17_yandex_high_res
		data\maps\test_18_yandex_super_high_res = data\maps\test_18_yandex_super_high_res
		data\maps\test_19_yandex_super_max_res = data\maps\test_19_yandex_super_max_res
		data\maps\test_20_yandex_real_map = data\maps\test_20_yandex_real_map
		data\maps\test_25_xmax = data\maps\test_25_xmax
		data\maps\test_26_weighten_graph_map = data\maps\test_26_weighten_graph_map
		data\maps\test_27_yandex_weighten = data\maps\test_27_yandex_weighten
		data\maps\test_28_yandex_weighten_high_res = data\maps\test_28_yandex_weighten_high_res
		data\maps\test_29_yandex_weighten_real_map = data\maps\test_29_yandex_weighten_real_map
		data\maps\test_30_multi_weight_small = data\maps\test_30_multi_weight_small
		data\maps\test_31_multi_weight_graph_map = data\maps\test_31_multi_weight_graph_map
	EndProjectSection
EndProject
Project("{2150E333-8FDC-42A3-9474-1A3956D46DE8}") = "path-algorithms-on-a-grid-map", "path-algorithms-on-a-grid-map", "{F17C21ED-5FCA-44CA-81E4-0F3F2FF4E253}"
EndProject
Project("{8BC9CEB8-8B4A-11D0-8D11-00A0C91BC942}") = "path-algorithms-on-a-grid-map", "application\path-algorithms-on-a-grid-map\path-algorithms-on-a-grid-map.vcxproj", "{A0ABE10A-F55B-4CE9-862D-D1201FD2A3FB}"
EndProject
Global
	GlobalSection(SolutionConfigurationPlatforms) = preSolution
		Debug|Any CPU = Debug|Any CPU
		Debug|x64 = Debug|x64
		Debug|x86 = Debug|x86
		Release|Any CPU = Release|Any CPU
		Release|x64 = Release|x64
		Release|x86 = Release|x86
	EndGlobalSection
	GlobalSection(ProjectConfigurationPlatforms) = postSolution
		{A0ABE10A-F55B-4CE9-862D-D1201FD2A3FB}.Debug|Any CPU.ActiveCfg = Debug|x64
		{A0ABE10A-F55B-4CE9-862D-D1201FD2A3FB}.Debug|Any CPU.Build.0 = Debug|x64
		{A0ABE10A-F55B-4CE9-862D-D1201FD2A3FB}.Debug|x64.ActiveCfg = Debug|x64
		{A0ABE10A-F55B-4CE9-862D-D1201FD2A3FB}.Debug|x64.Build.0 = Debug|x64
		{A0ABE10A-F55B-4CE9-862D-D1201FD2A3FB}.Debug|x86.ActiveCfg = Debug|Win32
		{A0ABE10A-F55B-4CE9-862D-D1201FD2A3FB}.Debug|x86.Build.0 = Debug|Win32
		{A0ABE10A-F55B-4CE9-862D-D1201FD2A3FB}.Release|Any CPU.ActiveCfg = Release|x64
		{A0ABE10A-F55B-4CE9-862D-D1201FD2A3FB}.Release|Any CPU.Build.0 = Release|x64
		{A0ABE10A-F55B-4CE9-862D-D1201FD2A3FB}.Release|x64.ActiveCfg = Release|x64
		{A0ABE10A-F55B-4CE9-862D-D1201FD2A3FB}.Release|x64.Build.0 = Release|x64
		{A0ABE10A-F55B-4CE9-862D-D1201FD2A3FB}.Release|x86.ActiveCfg = Release|Win32
		{A0ABE10A-F55B-4CE9-862D-D1201FD2A3FB}.Release|x86.Build.0 = Release|Win32
	EndGlobalSection
	GlobalSection(SolutionProperties) = preSolution
		HideSolutionNode = FALSE
	EndGlobalSection
	GlobalSection(NestedProjects) = preSolution
		{4FF9EFAA-F31B-4B5C-B066-97741EEC96B6} = {3CB76AAE-F56C-4F76-A6BD-CB7B5F59079D}
		{F17C21ED-5FCA-44CA-81E4-0F3F2FF4E253} = {E787BB8E-C3F8-47A3-957A-26BA577C3BE0}
		{A0ABE10A-F55B-4CE9-862D-D1201FD2A3FB} = {F17C21ED-5FCA-44CA-81E4-0F3F2FF4E253}
	EndGlobalSection
	GlobalSection(ExtensibilityGlobals) = postSolution
		SolutionGuid = {C0EBB49C-4D09-4E9E-B99A-F798BD7D0271}
	EndGlobalSection
EndGlobal
